// !$*UTF8*$!
{
	archiveVersion = 1;
	classes = {
	};
	objectVersion = 50;
	objects = {

/* Begin PBXBuildFile section */
		A9210B40245F2AEF003B50C4 /* Request.swift in Sources */ = {isa = PBXBuildFile; fileRef = A9210B3F245F2AEF003B50C4 /* Request.swift */; };
		A9210B42245F4591003B50C4 /* Images.swift in Sources */ = {isa = PBXBuildFile; fileRef = A9210B41245F4591003B50C4 /* Images.swift */; };
		A94A402A245DF88F001D6D21 /* ParticipatingBrandsCollectionViewCell.swift in Sources */ = {isa = PBXBuildFile; fileRef = A94A4029245DF88F001D6D21 /* ParticipatingBrandsCollectionViewCell.swift */; };
		A94A402C245E2A21001D6D21 /* BestSellerCollectionViewCell.swift in Sources */ = {isa = PBXBuildFile; fileRef = A94A402B245E2A21001D6D21 /* BestSellerCollectionViewCell.swift */; };
		A971EFE4245E828800FFC6E9 /* ProductsView.swift in Sources */ = {isa = PBXBuildFile; fileRef = A971EFE3245E828800FFC6E9 /* ProductsView.swift */; };
		A971EFE6245E86A700FFC6E9 /* ProductTableViewCell.swift in Sources */ = {isa = PBXBuildFile; fileRef = A971EFE5245E86A700FFC6E9 /* ProductTableViewCell.swift */; };
		A971EFE8245E952D00FFC6E9 /* SignUpView.swift in Sources */ = {isa = PBXBuildFile; fileRef = A971EFE7245E952D00FFC6E9 /* SignUpView.swift */; };
		A98E2F35245FC32E00AF8FFA /* Product.swift in Sources */ = {isa = PBXBuildFile; fileRef = A98E2F34245FC32E00AF8FFA /* Product.swift */; };
		A98E2F37245FD08500AF8FFA /* Colors.swift in Sources */ = {isa = PBXBuildFile; fileRef = A98E2F36245FD08500AF8FFA /* Colors.swift */; };
		A98E2F3D245FDA1800AF8FFA /* HotSaleController.swift in Sources */ = {isa = PBXBuildFile; fileRef = A98E2F3C245FDA1800AF8FFA /* HotSaleController.swift */; };
		A98E2F3F245FDBB300AF8FFA /* ProductsController.swift in Sources */ = {isa = PBXBuildFile; fileRef = A98E2F3E245FDBB300AF8FFA /* ProductsController.swift */; };
		A98E2F41245FDD5400AF8FFA /* SignUpController.swift in Sources */ = {isa = PBXBuildFile; fileRef = A98E2F40245FDD5400AF8FFA /* SignUpController.swift */; };
		A9D6CB29245C837A004E88D7 /* AppDelegate.swift in Sources */ = {isa = PBXBuildFile; fileRef = A9D6CB28245C837A004E88D7 /* AppDelegate.swift */; };
		A9D6CB2D245C837A004E88D7 /* HotSaleView.swift in Sources */ = {isa = PBXBuildFile; fileRef = A9D6CB2C245C837A004E88D7 /* HotSaleView.swift */; };
		A9D6CB32245C83D8004E88D7 /* Assets.xcassets in Resources */ = {isa = PBXBuildFile; fileRef = A9D6CB31245C83D8004E88D7 /* Assets.xcassets */; };
		A9D6CB35245C83D8004E88D7 /* LaunchScreen.storyboard in Resources */ = {isa = PBXBuildFile; fileRef = A9D6CB33245C83D8004E88D7 /* LaunchScreen.storyboard */; };
/* End PBXBuildFile section */

/* Begin PBXFileReference section */
		A9210B3F245F2AEF003B50C4 /* Request.swift */ = {isa = PBXFileReference; lastKnownFileType = sourcecode.swift; path = Request.swift; sourceTree = "<group>"; };
		A9210B41245F4591003B50C4 /* Images.swift */ = {isa = PBXFileReference; lastKnownFileType = sourcecode.swift; path = Images.swift; sourceTree = "<group>"; };
		A94A4029245DF88F001D6D21 /* ParticipatingBrandsCollectionViewCell.swift */ = {isa = PBXFileReference; lastKnownFileType = sourcecode.swift; path = ParticipatingBrandsCollectionViewCell.swift; sourceTree = "<group>"; };
		A94A402B245E2A21001D6D21 /* BestSellerCollectionViewCell.swift */ = {isa = PBXFileReference; lastKnownFileType = sourcecode.swift; path = BestSellerCollectionViewCell.swift; sourceTree = "<group>"; };
		A971EFE3245E828800FFC6E9 /* ProductsView.swift */ = {isa = PBXFileReference; lastKnownFileType = sourcecode.swift; path = ProductsView.swift; sourceTree = "<group>"; };
		A971EFE5245E86A700FFC6E9 /* ProductTableViewCell.swift */ = {isa = PBXFileReference; lastKnownFileType = sourcecode.swift; path = ProductTableViewCell.swift; sourceTree = "<group>"; };
		A971EFE7245E952D00FFC6E9 /* SignUpView.swift */ = {isa = PBXFileReference; lastKnownFileType = sourcecode.swift; path = SignUpView.swift; sourceTree = "<group>"; };
		A98E2F34245FC32E00AF8FFA /* Product.swift */ = {isa = PBXFileReference; lastKnownFileType = sourcecode.swift; path = Product.swift; sourceTree = "<group>"; };
		A98E2F36245FD08500AF8FFA /* Colors.swift */ = {isa = PBXFileReference; lastKnownFileType = sourcecode.swift; path = Colors.swift; sourceTree = "<group>"; };
		A98E2F3C245FDA1800AF8FFA /* HotSaleController.swift */ = {isa = PBXFileReference; lastKnownFileType = sourcecode.swift; path = HotSaleController.swift; sourceTree = "<group>"; };
		A98E2F3E245FDBB300AF8FFA /* ProductsController.swift */ = {isa = PBXFileReference; lastKnownFileType = sourcecode.swift; path = ProductsController.swift; sourceTree = "<group>"; };
		A98E2F40245FDD5400AF8FFA /* SignUpController.swift */ = {isa = PBXFileReference; lastKnownFileType = sourcecode.swift; path = SignUpController.swift; sourceTree = "<group>"; };
		A9D6CB25245C837A004E88D7 /* ElektraTest.app */ = {isa = PBXFileReference; explicitFileType = wrapper.application; includeInIndex = 0; path = ElektraTest.app; sourceTree = BUILT_PRODUCTS_DIR; };
		A9D6CB28245C837A004E88D7 /* AppDelegate.swift */ = {isa = PBXFileReference; lastKnownFileType = sourcecode.swift; path = AppDelegate.swift; sourceTree = "<group>"; };
		A9D6CB2C245C837A004E88D7 /* HotSaleView.swift */ = {isa = PBXFileReference; lastKnownFileType = sourcecode.swift; path = HotSaleView.swift; sourceTree = "<group>"; };
		A9D6CB31245C83D8004E88D7 /* Assets.xcassets */ = {isa = PBXFileReference; lastKnownFileType = folder.assetcatalog; path = Assets.xcassets; sourceTree = "<group>"; };
		A9D6CB34245C83D8004E88D7 /* Base */ = {isa = PBXFileReference; lastKnownFileType = file.storyboard; name = Base; path = Base.lproj/LaunchScreen.storyboard; sourceTree = "<group>"; };
		A9D6CB36245C83D8004E88D7 /* Info.plist */ = {isa = PBXFileReference; lastKnownFileType = text.plist.xml; path = Info.plist; sourceTree = "<group>"; };
/* End PBXFileReference section */

/* Begin PBXFrameworksBuildPhase section */
		A9D6CB22245C8379004E88D7 /* Frameworks */ = {
			isa = PBXFrameworksBuildPhase;
			buildActionMask = 2147483647;
			files = (
			);
			runOnlyForDeploymentPostprocessing = 0;
		};
/* End PBXFrameworksBuildPhase section */

/* Begin PBXGroup section */
		A98E2F38245FD91900AF8FFA /* Model */ = {
			isa = PBXGroup;
			children = (
				A98E2F34245FC32E00AF8FFA /* Product.swift */,
			);
			path = Model;
			sourceTree = "<group>";
		};
		A98E2F39245FD92900AF8FFA /* View */ = {
			isa = PBXGroup;
			children = (
				A9D6CB2C245C837A004E88D7 /* HotSaleView.swift */,
				A971EFE3245E828800FFC6E9 /* ProductsView.swift */,
				A94A4029245DF88F001D6D21 /* ParticipatingBrandsCollectionViewCell.swift */,
				A94A402B245E2A21001D6D21 /* BestSellerCollectionViewCell.swift */,
				A971EFE5245E86A700FFC6E9 /* ProductTableViewCell.swift */,
				A971EFE7245E952D00FFC6E9 /* SignUpView.swift */,
				A9D6CB31245C83D8004E88D7 /* Assets.xcassets */,
				A9D6CB33245C83D8004E88D7 /* LaunchScreen.storyboard */,
			);
			path = View;
			sourceTree = "<group>";
		};
		A98E2F3A245FD93300AF8FFA /* Controller */ = {
			isa = PBXGroup;
			children = (
				A98E2F3C245FDA1800AF8FFA /* HotSaleController.swift */,
				A98E2F3E245FDBB300AF8FFA /* ProductsController.swift */,
				A98E2F40245FDD5400AF8FFA /* SignUpController.swift */,
			);
			path = Controller;
			sourceTree = "<group>";
		};
		A98E2F3B245FD93B00AF8FFA /* Helpers */ = {
			isa = PBXGroup;
			children = (
				A9210B3F245F2AEF003B50C4 /* Request.swift */,
				A98E2F36245FD08500AF8FFA /* Colors.swift */,
				A9210B41245F4591003B50C4 /* Images.swift */,
			);
			path = Helpers;
			sourceTree = "<group>";
		};
		A9D6CB1C245C8378004E88D7 = {
			isa = PBXGroup;
			children = (
				A9D6CB27245C837A004E88D7 /* ElektraTest */,
				A9D6CB26245C837A004E88D7 /* Products */,
			);
			sourceTree = "<group>";
		};
		A9D6CB26245C837A004E88D7 /* Products */ = {
			isa = PBXGroup;
			children = (
				A9D6CB25245C837A004E88D7 /* ElektraTest.app */,
			);
			name = Products;
			sourceTree = "<group>";
		};
		A9D6CB27245C837A004E88D7 /* ElektraTest */ = {
			isa = PBXGroup;
			children = (
				A9D6CB28245C837A004E88D7 /* AppDelegate.swift */,
				A98E2F38245FD91900AF8FFA /* Model */,
				A98E2F39245FD92900AF8FFA /* View */,
				A98E2F3A245FD93300AF8FFA /* Controller */,
				A98E2F3B245FD93B00AF8FFA /* Helpers */,
				A9D6CB36245C83D8004E88D7 /* Info.plist */,
			);
			path = ElektraTest;
			sourceTree = "<group>";
		};
/* End PBXGroup section */

/* Begin PBXNativeTarget section */
		A9D6CB24245C8379004E88D7 /* ElektraTest */ = {
			isa = PBXNativeTarget;
			buildConfigurationList = A9D6CB39245C83D8004E88D7 /* Build configuration list for PBXNativeTarget "ElektraTest" */;
			buildPhases = (
				A9D6CB21245C8379004E88D7 /* Sources */,
				A9D6CB22245C8379004E88D7 /* Frameworks */,
				A9D6CB23245C8379004E88D7 /* Resources */,
			);
			buildRules = (
			);
			dependencies = (
			);
			name = ElektraTest;
			productName = ElektraTest;
			productReference = A9D6CB25245C837A004E88D7 /* ElektraTest.app */;
			productType = "com.apple.product-type.application";
		};
/* End PBXNativeTarget section */

/* Begin PBXProject section */
		A9D6CB1D245C8378004E88D7 /* Project object */ = {
			isa = PBXProject;
			attributes = {
				LastSwiftUpdateCheck = 1130;
				LastUpgradeCheck = 1130;
				ORGANIZATIONNAME = Alejandro;
				TargetAttributes = {
					A9D6CB24245C8379004E88D7 = {
						CreatedOnToolsVersion = 11.3.1;
					};
				};
			};
			buildConfigurationList = A9D6CB20245C8378004E88D7 /* Build configuration list for PBXProject "ElektraTest" */;
			compatibilityVersion = "Xcode 9.3";
			developmentRegion = en;
			hasScannedForEncodings = 0;
			knownRegions = (
				en,
				Base,
			);
			mainGroup = A9D6CB1C245C8378004E88D7;
			productRefGroup = A9D6CB26245C837A004E88D7 /* Products */;
			projectDirPath = "";
			projectRoot = "";
			targets = (
				A9D6CB24245C8379004E88D7 /* ElektraTest */,
			);
		};
/* End PBXProject section */

/* Begin PBXResourcesBuildPhase section */
		A9D6CB23245C8379004E88D7 /* Resources */ = {
			isa = PBXResourcesBuildPhase;
			buildActionMask = 2147483647;
			files = (
				A9D6CB35245C83D8004E88D7 /* LaunchScreen.storyboard in Resources */,
				A9D6CB32245C83D8004E88D7 /* Assets.xcassets in Resources */,
			);
			runOnlyForDeploymentPostprocessing = 0;
		};
/* End PBXResourcesBuildPhase section */

/* Begin PBXSourcesBuildPhase section */
		A9D6CB21245C8379004E88D7 /* Sources */ = {
			isa = PBXSourcesBuildPhase;
			buildActionMask = 2147483647;
			files = (
				A9D6CB2D245C837A004E88D7 /* HotSaleView.swift in Sources */,
				A98E2F37245FD08500AF8FFA /* Colors.swift in Sources */,
				A98E2F3D245FDA1800AF8FFA /* HotSaleController.swift in Sources */,
				A98E2F3F245FDBB300AF8FFA /* ProductsController.swift in Sources */,
				A9210B40245F2AEF003B50C4 /* Request.swift in Sources */,
				A971EFE8245E952D00FFC6E9 /* SignUpView.swift in Sources */,
				A94A402C245E2A21001D6D21 /* BestSellerCollectionViewCell.swift in Sources */,
				A9210B42245F4591003B50C4 /* Images.swift in Sources */,
				A94A402A245DF88F001D6D21 /* ParticipatingBrandsCollectionViewCell.swift in Sources */,
				A98E2F41245FDD5400AF8FFA /* SignUpController.swift in Sources */,
				A9D6CB29245C837A004E88D7 /* AppDelegate.swift in Sources */,
				A98E2F35245FC32E00AF8FFA /* Product.swift in Sources */,
				A971EFE4245E828800FFC6E9 /* ProductsView.swift in Sources */,
				A971EFE6245E86A700FFC6E9 /* ProductTableViewCell.swift in Sources */,
			);
			runOnlyForDeploymentPostprocessing = 0;
		};
/* End PBXSourcesBuildPhase section */

/* Begin PBXVariantGroup section */
		A9D6CB33245C83D8004E88D7 /* LaunchScreen.storyboard */ = {
			isa = PBXVariantGroup;
			children = (
				A9D6CB34245C83D8004E88D7 /* Base */,
			);
			name = LaunchScreen.storyboard;
			sourceTree = "<group>";
		};
/* End PBXVariantGroup section */

/* Begin XCBuildConfiguration section */
		A9D6CB37245C83D8004E88D7 /* Debug */ = {
			isa = XCBuildConfiguration;
			buildSettings = {
				ALWAYS_SEARCH_USER_PATHS = NO;
				CLANG_ANALYZER_NONNULL = YES;
				CLANG_ANALYZER_NUMBER_OBJECT_CONVERSION = YES_AGGRESSIVE;
				CLANG_CXX_LANGUAGE_STANDARD = "gnu++14";
				CLANG_CXX_LIBRARY = "libc++";
				CLANG_ENABLE_MODULES = YES;
				CLANG_ENABLE_OBJC_ARC = YES;
				CLANG_ENABLE_OBJC_WEAK = YES;
				CLANG_WARN_BLOCK_CAPTURE_AUTORELEASING = YES;
				CLANG_WARN_BOOL_CONVERSION = YES;
				CLANG_WARN_COMMA = YES;
				CLANG_WARN_CONSTANT_CONVERSION = YES;
				CLANG_WARN_DEPRECATED_OBJC_IMPLEMENTATIONS = YES;
				CLANG_WARN_DIRECT_OBJC_ISA_USAGE = YES_ERROR;
				CLANG_WARN_DOCUMENTATION_COMMENTS = YES;
				CLANG_WARN_EMPTY_BODY = YES;
				CLANG_WARN_ENUM_CONVERSION = YES;
				CLANG_WARN_INFINITE_RECURSION = YES;
				CLANG_WARN_INT_CONVERSION = YES;
				CLANG_WARN_NON_LITERAL_NULL_CONVERSION = YES;
				CLANG_WARN_OBJC_IMPLICIT_RETAIN_SELF = YES;
				CLANG_WARN_OBJC_LITERAL_CONVERSION = YES;
				CLANG_WARN_OBJC_ROOT_CLASS = YES_ERROR;
				CLANG_WARN_RANGE_LOOP_ANALYSIS = YES;
				CLANG_WARN_STRICT_PROTOTYPES = YES;
				CLANG_WARN_SUSPICIOUS_MOVE = YES;
				CLANG_WARN_UNGUARDED_AVAILABILITY = YES_AGGRESSIVE;
				CLANG_WARN_UNREACHABLE_CODE = YES;
				CLANG_WARN__DUPLICATE_METHOD_MATCH = YES;
				COPY_PHASE_STRIP = NO;
				DEBUG_INFORMATION_FORMAT = dwarf;
				ENABLE_STRICT_OBJC_MSGSEND = YES;
				ENABLE_TESTABILITY = YES;
				GCC_C_LANGUAGE_STANDARD = gnu11;
				GCC_DYNAMIC_NO_PIC = NO;
				GCC_NO_COMMON_BLOCKS = YES;
				GCC_OPTIMIZATION_LEVEL = 0;
				GCC_PREPROCESSOR_DEFINITIONS = (
					"DEBUG=1",
					"$(inherited)",
				);
				GCC_WARN_64_TO_32_BIT_CONVERSION = YES;
				GCC_WARN_ABOUT_RETURN_TYPE = YES_ERROR;
				GCC_WARN_UNDECLARED_SELECTOR = YES;
				GCC_WARN_UNINITIALIZED_AUTOS = YES_AGGRESSIVE;
				GCC_WARN_UNUSED_FUNCTION = YES;
				GCC_WARN_UNUSED_VARIABLE = YES;
				IPHONEOS_DEPLOYMENT_TARGET = 12.0;
				MTL_ENABLE_DEBUG_INFO = INCLUDE_SOURCE;
				MTL_FAST_MATH = YES;
				ONLY_ACTIVE_ARCH = YES;
				SDKROOT = iphoneos;
				SWIFT_ACTIVE_COMPILATION_CONDITIONS = DEBUG;
				SWIFT_OPTIMIZATION_LEVEL = "-Onone";
			};
			name = Debug;
		};
		A9D6CB38245C83D8004E88D7 /* Release */ = {
			isa = XCBuildConfiguration;
			buildSettings = {
				ALWAYS_SEARCH_USER_PATHS = NO;
				CLANG_ANALYZER_NONNULL = YES;
				CLANG_ANALYZER_NUMBER_OBJECT_CONVERSION = YES_AGGRESSIVE;
				CLANG_CXX_LANGUAGE_STANDARD = "gnu++14";
				CLANG_CXX_LIBRARY = "libc++";
				CLANG_ENABLE_MODULES = YES;
				CLANG_ENABLE_OBJC_ARC = YES;
				CLANG_ENABLE_OBJC_WEAK = YES;
				CLANG_WARN_BLOCK_CAPTURE_AUTORELEASING = YES;
				CLANG_WARN_BOOL_CONVERSION = YES;
				CLANG_WARN_COMMA = YES;
				CLANG_WARN_CONSTANT_CONVERSION = YES;
				CLANG_WARN_DEPRECATED_OBJC_IMPLEMENTATIONS = YES;
				CLANG_WARN_DIRECT_OBJC_ISA_USAGE = YES_ERROR;
				CLANG_WARN_DOCUMENTATION_COMMENTS = YES;
				CLANG_WARN_EMPTY_BODY = YES;
				CLANG_WARN_ENUM_CONVERSION = YES;
				CLANG_WARN_INFINITE_RECURSION = YES;
				CLANG_WARN_INT_CONVERSION = YES;
				CLANG_WARN_NON_LITERAL_NULL_CONVERSION = YES;
				CLANG_WARN_OBJC_IMPLICIT_RETAIN_SELF = YES;
				CLANG_WARN_OBJC_LITERAL_CONVERSION = YES;
				CLANG_WARN_OBJC_ROOT_CLASS = YES_ERROR;
				CLANG_WARN_RANGE_LOOP_ANALYSIS = YES;
				CLANG_WARN_STRICT_PROTOTYPES = YES;
				CLANG_WARN_SUSPICIOUS_MOVE = YES;
				CLANG_WARN_UNGUARDED_AVAILABILITY = YES_AGGRESSIVE;
				CLANG_WARN_UNREACHABLE_CODE = YES;
				CLANG_WARN__DUPLICATE_METHOD_MATCH = YES;
				COPY_PHASE_STRIP = NO;
				DEBUG_INFORMATION_FORMAT = "dwarf-with-dsym";
				ENABLE_NS_ASSERTIONS = NO;
				ENABLE_STRICT_OBJC_MSGSEND = YES;
				GCC_C_LANGUAGE_STANDARD = gnu11;
				GCC_NO_COMMON_BLOCKS = YES;
				GCC_WARN_64_TO_32_BIT_CONVERSION = YES;
				GCC_WARN_ABOUT_RETURN_TYPE = YES_ERROR;
				GCC_WARN_UNDECLARED_SELECTOR = YES;
				GCC_WARN_UNINITIALIZED_AUTOS = YES_AGGRESSIVE;
				GCC_WARN_UNUSED_FUNCTION = YES;
				GCC_WARN_UNUSED_VARIABLE = YES;
				IPHONEOS_DEPLOYMENT_TARGET = 12.0;
				MTL_ENABLE_DEBUG_INFO = NO;
				MTL_FAST_MATH = YES;
				SDKROOT = iphoneos;
				SWIFT_COMPILATION_MODE = wholemodule;
				SWIFT_OPTIMIZATION_LEVEL = "-O";
				VALIDATE_PRODUCT = YES;
			};
			name = Release;
		};
		A9D6CB3A245C83D8004E88D7 /* Debug */ = {
			isa = XCBuildConfiguration;
			buildSettings = {
				ASSETCATALOG_COMPILER_APPICON_NAME = AppIcon;
				CODE_SIGN_STYLE = Automatic;
				INFOPLIST_FILE = ElektraTest/Info.plist;
				IPHONEOS_DEPLOYMENT_TARGET = 12.0;
				LD_RUNPATH_SEARCH_PATHS = (
					"$(inherited)",
					"@executable_path/Frameworks",
				);
				PRODUCT_BUNDLE_IDENTIFIER = com.alejandro.ElektraTest;
				PRODUCT_NAME = "$(TARGET_NAME)";
				SWIFT_VERSION = 5.0;
				TARGETED_DEVICE_FAMILY = "1,2";
			};
			name = Debug;
		};
		A9D6CB3B245C83D8004E88D7 /* Release */ = {
			isa = XCBuildConfiguration;
			buildSettings = {
				ASSETCATALOG_COMPILER_APPICON_NAME = AppIcon;
				CODE_SIGN_STYLE = Automatic;
				INFOPLIST_FILE = ElektraTest/Info.plist;
				IPHONEOS_DEPLOYMENT_TARGET = 12.0;
				LD_RUNPATH_SEARCH_PATHS = (
					"$(inherited)",
					"@executable_path/Frameworks",
				);
				PRODUCT_BUNDLE_IDENTIFIER = com.alejandro.ElektraTest;
				PRODUCT_NAME = "$(TARGET_NAME)";
				SWIFT_VERSION = 5.0;
				TARGETED_DEVICE_FAMILY = "1,2";
			};
			name = Release;
		};
/* End XCBuildConfiguration section */

/* Begin XCConfigurationList section */
		A9D6CB20245C8378004E88D7 /* Build configuration list for PBXProject "ElektraTest" */ = {
			isa = XCConfigurationList;
			buildConfigurations = (
				A9D6CB37245C83D8004E88D7 /* Debug */,
				A9D6CB38245C83D8004E88D7 /* Release */,
			);
			defaultConfigurationIsVisible = 0;
			defaultConfigurationName = Release;
		};
		A9D6CB39245C83D8004E88D7 /* Build configuration list for PBXNativeTarget "ElektraTest" */ = {
			isa = XCConfigurationList;
			buildConfigurations = (
				A9D6CB3A245C83D8004E88D7 /* Debug */,
				A9D6CB3B245C83D8004E88D7 /* Release */,
			);
			defaultConfigurationIsVisible = 0;
			defaultConfigurationName = Release;
		};
/* End XCConfigurationList section */
	};
	rootObject = A9D6CB1D245C8378004E88D7 /* Project object */;
}
